
Microsoft Visual Studio Solution File, Format Version 12.00
# Visual Studio Version 17
VisualStudioVersion = 17.5.002.0
MinimumVisualStudioVersion = 10.0.40219.1
Project("{9A19103F-16F7-4668-BE54-9A1E7A4F7556}") = "Business", "Business\Business.csproj", "{212A46AA-274D-4914-9F66-2438D93D7706}"
EndProject
Project("{9A19103F-16F7-4668-BE54-9A1E7A4F7556}") = "Domain", "Domain\Domain.csproj", "{BB5B6016-288B-483A-B8CA-6D624E2F193B}"
EndProject
Project("{9A19103F-16F7-4668-BE54-9A1E7A4F7556}") = "Infrastructure", "Infrastructure\Infrastructure.csproj", "{ED1577F3-3ABC-41A7-AD5E-9985AD3E7D45}"
EndProject
Global
	GlobalSection(SolutionConfigurationPlatforms) = preSolution
		Debug|Any CPU = Debug|Any CPU
		Release|Any CPU = Release|Any CPU
	EndGlobalSection
	GlobalSection(ProjectConfigurationPlatforms) = postSolution
		{212A46AA-274D-4914-9F66-2438D93D7706}.Debug|Any CPU.ActiveCfg = Debug|Any CPU
		{212A46AA-274D-4914-9F66-2438D93D7706}.Debug|Any CPU.Build.0 = Debug|Any CPU
		{212A46AA-274D-4914-9F66-2438D93D7706}.Release|Any CPU.ActiveCfg = Release|Any CPU
		{212A46AA-274D-4914-9F66-2438D93D7706}.Release|Any CPU.Build.0 = Release|Any CPU
		{BB5B6016-288B-483A-B8CA-6D624E2F193B}.Debug|Any CPU.ActiveCfg = Debug|Any CPU
		{BB5B6016-288B-483A-B8CA-6D624E2F193B}.Debug|Any CPU.Build.0 = Debug|Any CPU
		{BB5B6016-288B-483A-B8CA-6D624E2F193B}.Release|Any CPU.ActiveCfg = Release|Any CPU
		{BB5B6016-288B-483A-B8CA-6D624E2F193B}.Release|Any CPU.Build.0 = Release|Any CPU
		{ED1577F3-3ABC-41A7-AD5E-9985AD3E7D45}.Debug|Any CPU.ActiveCfg = Debug|Any CPU
		{ED1577F3-3ABC-41A7-AD5E-9985AD3E7D45}.Debug|Any CPU.Build.0 = Debug|Any CPU
		{ED1577F3-3ABC-41A7-AD5E-9985AD3E7D45}.Release|Any CPU.ActiveCfg = Release|Any CPU
		{ED1577F3-3ABC-41A7-AD5E-9985AD3E7D45}.Release|Any CPU.Build.0 = Release|Any CPU
	EndGlobalSection
	GlobalSection(SolutionProperties) = preSolution
		HideSolutionNode = FALSE
	EndGlobalSection
	GlobalSection(ExtensibilityGlobals) = postSolution
		SolutionGuid = {5CE8B209-968A-496F-B26A-1CED48FAF28E}
	EndGlobalSection
EndGlobal
